// !$*UTF8*$!
{
	archiveVersion = 1;
	classes = {
	};
	objectVersion = 50;
	objects = {

/* Begin PBXBuildFile section */
		30539177258B930D0015B761 /* Photo_AppApp.swift in Sources */ = {isa = PBXBuildFile; fileRef = 30539176258B930D0015B761 /* Photo_AppApp.swift */; };
		30539179258B930D0015B761 /* ContentView.swift in Sources */ = {isa = PBXBuildFile; fileRef = 30539178258B930D0015B761 /* ContentView.swift */; };
		3053917B258B930D0015B761 /* Assets.xcassets in Resources */ = {isa = PBXBuildFile; fileRef = 3053917A258B930D0015B761 /* Assets.xcassets */; };
		3053917E258B930D0015B761 /* Preview Assets.xcassets in Resources */ = {isa = PBXBuildFile; fileRef = 3053917D258B930D0015B761 /* Preview Assets.xcassets */; };
		30539189258B930E0015B761 /* Photo_AppTests.swift in Sources */ = {isa = PBXBuildFile; fileRef = 30539188258B930E0015B761 /* Photo_AppTests.swift */; };
		30539194258B930E0015B761 /* Photo_AppUITests.swift in Sources */ = {isa = PBXBuildFile; fileRef = 30539193258B930E0015B761 /* Photo_AppUITests.swift */; };
		305391AB258BA5C30015B761 /* MediaResponse.swift in Sources */ = {isa = PBXBuildFile; fileRef = 305391AA258BA5C30015B761 /* MediaResponse.swift */; };
/* End PBXBuildFile section */

/* Begin PBXContainerItemProxy section */
		30539185258B930E0015B761 /* PBXContainerItemProxy */ = {
			isa = PBXContainerItemProxy;
			containerPortal = 3053916B258B930D0015B761 /* Project object */;
			proxyType = 1;
			remoteGlobalIDString = 30539172258B930D0015B761;
			remoteInfo = "Photo App";
		};
		30539190258B930E0015B761 /* PBXContainerItemProxy */ = {
			isa = PBXContainerItemProxy;
			containerPortal = 3053916B258B930D0015B761 /* Project object */;
			proxyType = 1;
			remoteGlobalIDString = 30539172258B930D0015B761;
			remoteInfo = "Photo App";
		};
/* End PBXContainerItemProxy section */

/* Begin PBXFileReference section */
		30539173258B930D0015B761 /* Photo.app */ = {isa = PBXFileReference; explicitFileType = wrapper.application; includeInIndex = 0; path = Photo.app; sourceTree = BUILT_PRODUCTS_DIR; };
		30539176258B930D0015B761 /* Photo_AppApp.swift */ = {isa = PBXFileReference; lastKnownFileType = sourcecode.swift; path = Photo_AppApp.swift; sourceTree = "<group>"; };
		30539178258B930D0015B761 /* ContentView.swift */ = {isa = PBXFileReference; lastKnownFileType = sourcecode.swift; path = ContentView.swift; sourceTree = "<group>"; };
		3053917A258B930D0015B761 /* Assets.xcassets */ = {isa = PBXFileReference; lastKnownFileType = folder.assetcatalog; path = Assets.xcassets; sourceTree = "<group>"; };
		3053917D258B930D0015B761 /* Preview Assets.xcassets */ = {isa = PBXFileReference; lastKnownFileType = folder.assetcatalog; path = "Preview Assets.xcassets"; sourceTree = "<group>"; };
		3053917F258B930E0015B761 /* Info.plist */ = {isa = PBXFileReference; lastKnownFileType = text.plist.xml; path = Info.plist; sourceTree = "<group>"; };
		30539184258B930E0015B761 /* PhotoTests.xctest */ = {isa = PBXFileReference; explicitFileType = wrapper.cfbundle; includeInIndex = 0; path = PhotoTests.xctest; sourceTree = BUILT_PRODUCTS_DIR; };
		30539188258B930E0015B761 /* Photo_AppTests.swift */ = {isa = PBXFileReference; lastKnownFileType = sourcecode.swift; path = Photo_AppTests.swift; sourceTree = "<group>"; };
		3053918A258B930E0015B761 /* Info.plist */ = {isa = PBXFileReference; lastKnownFileType = text.plist.xml; path = Info.plist; sourceTree = "<group>"; };
		3053918F258B930E0015B761 /* PhotoUITests.xctest */ = {isa = PBXFileReference; explicitFileType = wrapper.cfbundle; includeInIndex = 0; path = PhotoUITests.xctest; sourceTree = BUILT_PRODUCTS_DIR; };
		30539193258B930E0015B761 /* Photo_AppUITests.swift */ = {isa = PBXFileReference; lastKnownFileType = sourcecode.swift; path = Photo_AppUITests.swift; sourceTree = "<group>"; };
		30539195258B930E0015B761 /* Info.plist */ = {isa = PBXFileReference; lastKnownFileType = text.plist.xml; path = Info.plist; sourceTree = "<group>"; };
		305391AA258BA5C30015B761 /* MediaResponse.swift */ = {isa = PBXFileReference; lastKnownFileType = sourcecode.swift; path = MediaResponse.swift; sourceTree = "<group>"; };
/* End PBXFileReference section */

/* Begin PBXFrameworksBuildPhase section */
		30539170258B930D0015B761 /* Frameworks */ = {
			isa = PBXFrameworksBuildPhase;
			buildActionMask = 2147483647;
			files = (
			);
			runOnlyForDeploymentPostprocessing = 0;
		};
		30539181258B930E0015B761 /* Frameworks */ = {
			isa = PBXFrameworksBuildPhase;
			buildActionMask = 2147483647;
			files = (
			);
			runOnlyForDeploymentPostprocessing = 0;
		};
		3053918C258B930E0015B761 /* Frameworks */ = {
			isa = PBXFrameworksBuildPhase;
			buildActionMask = 2147483647;
			files = (
			);
			runOnlyForDeploymentPostprocessing = 0;
		};
/* End PBXFrameworksBuildPhase section */

/* Begin PBXGroup section */
		3053916A258B930D0015B761 = {
			isa = PBXGroup;
			children = (
				30539175258B930D0015B761 /* Photo App */,
				30539187258B930E0015B761 /* Photo AppTests */,
				30539192258B930E0015B761 /* Photo AppUITests */,
				30539174258B930D0015B761 /* Products */,
			);
			sourceTree = "<group>";
		};
		30539174258B930D0015B761 /* Products */ = {
			isa = PBXGroup;
			children = (
				30539173258B930D0015B761 /* Photo.app */,
				30539184258B930E0015B761 /* PhotoTests.xctest */,
				3053918F258B930E0015B761 /* PhotoUITests.xctest */,
			);
			name = Products;
			sourceTree = "<group>";
		};
		30539175258B930D0015B761 /* Photo App */ = {
			isa = PBXGroup;
			children = (
				30539176258B930D0015B761 /* Photo_AppApp.swift */,
				30539178258B930D0015B761 /* ContentView.swift */,
				3053917A258B930D0015B761 /* Assets.xcassets */,
				3053917F258B930E0015B761 /* Info.plist */,
				3053917C258B930D0015B761 /* Preview Content */,
				305391AA258BA5C30015B761 /* MediaResponse.swift */,
			);
			path = "Photo App";
			sourceTree = "<group>";
		};
		3053917C258B930D0015B761 /* Preview Content */ = {
			isa = PBXGroup;
			children = (
				3053917D258B930D0015B761 /* Preview Assets.xcassets */,
			);
			path = "Preview Content";
			sourceTree = "<group>";
		};
		30539187258B930E0015B761 /* Photo AppTests */ = {
			isa = PBXGroup;
			children = (
				30539188258B930E0015B761 /* Photo_AppTests.swift */,
				3053918A258B930E0015B761 /* Info.plist */,
			);
			path = "Photo AppTests";
			sourceTree = "<group>";
		};
		30539192258B930E0015B761 /* Photo AppUITests */ = {
			isa = PBXGroup;
			children = (
				30539193258B930E0015B761 /* Photo_AppUITests.swift */,
				30539195258B930E0015B761 /* Info.plist */,
			);
			path = "Photo AppUITests";
			sourceTree = "<group>";
		};
/* End PBXGroup section */

/* Begin PBXNativeTarget section */
		30539172258B930D0015B761 /* Photo */ = {
			isa = PBXNativeTarget;
			buildConfigurationList = 30539198258B930E0015B761 /* Build configuration list for PBXNativeTarget "Photo" */;
			buildPhases = (
				3053916F258B930D0015B761 /* Sources */,
				30539170258B930D0015B761 /* Frameworks */,
				30539171258B930D0015B761 /* Resources */,
			);
			buildRules = (
			);
			dependencies = (
			);
			name = Photo;
			productName = "Photo App";
			productReference = 30539173258B930D0015B761 /* Photo.app */;
			productType = "com.apple.product-type.application";
		};
		30539183258B930E0015B761 /* PhotoTests */ = {
			isa = PBXNativeTarget;
			buildConfigurationList = 3053919B258B930E0015B761 /* Build configuration list for PBXNativeTarget "PhotoTests" */;
			buildPhases = (
				30539180258B930E0015B761 /* Sources */,
				30539181258B930E0015B761 /* Frameworks */,
				30539182258B930E0015B761 /* Resources */,
			);
			buildRules = (
			);
			dependencies = (
				30539186258B930E0015B761 /* PBXTargetDependency */,
			);
			name = PhotoTests;
			productName = "Photo AppTests";
			productReference = 30539184258B930E0015B761 /* PhotoTests.xctest */;
			productType = "com.apple.product-type.bundle.unit-test";
		};
		3053918E258B930E0015B761 /* PhotoUITests */ = {
			isa = PBXNativeTarget;
			buildConfigurationList = 3053919E258B930E0015B761 /* Build configuration list for PBXNativeTarget "PhotoUITests" */;
			buildPhases = (
				3053918B258B930E0015B761 /* Sources */,
				3053918C258B930E0015B761 /* Frameworks */,
				3053918D258B930E0015B761 /* Resources */,
			);
			buildRules = (
			);
			dependencies = (
				30539191258B930E0015B761 /* PBXTargetDependency */,
			);
			name = PhotoUITests;
			productName = "Photo AppUITests";
			productReference = 3053918F258B930E0015B761 /* PhotoUITests.xctest */;
			productType = "com.apple.product-type.bundle.ui-testing";
		};
/* End PBXNativeTarget section */

/* Begin PBXProject section */
		3053916B258B930D0015B761 /* Project object */ = {
			isa = PBXProject;
			attributes = {
				LastSwiftUpdateCheck = 1210;
				LastUpgradeCheck = 1210;
				TargetAttributes = {
					30539172258B930D0015B761 = {
						CreatedOnToolsVersion = 12.1;
					};
					30539183258B930E0015B761 = {
						CreatedOnToolsVersion = 12.1;
						TestTargetID = 30539172258B930D0015B761;
					};
					3053918E258B930E0015B761 = {
						CreatedOnToolsVersion = 12.1;
						TestTargetID = 30539172258B930D0015B761;
					};
				};
			};
			buildConfigurationList = 3053916E258B930D0015B761 /* Build configuration list for PBXProject "Photo" */;
			compatibilityVersion = "Xcode 9.3";
			developmentRegion = en;
			hasScannedForEncodings = 0;
			knownRegions = (
				en,
				Base,
			);
			mainGroup = 3053916A258B930D0015B761;
			productRefGroup = 30539174258B930D0015B761 /* Products */;
			projectDirPath = "";
			projectRoot = "";
			targets = (
				30539172258B930D0015B761 /* Photo */,
				30539183258B930E0015B761 /* PhotoTests */,
				3053918E258B930E0015B761 /* PhotoUITests */,
			);
		};
/* End PBXProject section */

/* Begin PBXResourcesBuildPhase section */
		30539171258B930D0015B761 /* Resources */ = {
			isa = PBXResourcesBuildPhase;
			buildActionMask = 2147483647;
			files = (
				3053917E258B930D0015B761 /* Preview Assets.xcassets in Resources */,
				3053917B258B930D0015B761 /* Assets.xcassets in Resources */,
			);
			runOnlyForDeploymentPostprocessing = 0;
		};
		30539182258B930E0015B761 /* Resources */ = {
			isa = PBXResourcesBuildPhase;
			buildActionMask = 2147483647;
			files = (
			);
			runOnlyForDeploymentPostprocessing = 0;
		};
		3053918D258B930E0015B761 /* Resources */ = {
			isa = PBXResourcesBuildPhase;
			buildActionMask = 2147483647;
			files = (
			);
			runOnlyForDeploymentPostprocessing = 0;
		};
/* End PBXResourcesBuildPhase section */

/* Begin PBXSourcesBuildPhase section */
		3053916F258B930D0015B761 /* Sources */ = {
			isa = PBXSourcesBuildPhase;
			buildActionMask = 2147483647;
			files = (
				30539179258B930D0015B761 /* ContentView.swift in Sources */,
				30539177258B930D0015B761 /* Photo_AppApp.swift in Sources */,
				305391AB258BA5C30015B761 /* MediaResponse.swift in Sources */,
			);
			runOnlyForDeploymentPostprocessing = 0;
		};
		30539180258B930E0015B761 /* Sources */ = {
			isa = PBXSourcesBuildPhase;
			buildActionMask = 2147483647;
			files = (
				30539189258B930E0015B761 /* Photo_AppTests.swift in Sources */,
			);
			runOnlyForDeploymentPostprocessing = 0;
		};
		3053918B258B930E0015B761 /* Sources */ = {
			isa = PBXSourcesBuildPhase;
			buildActionMask = 2147483647;
			files = (
				30539194258B930E0015B761 /* Photo_AppUITests.swift in Sources */,
			);
			runOnlyForDeploymentPostprocessing = 0;
		};
/* End PBXSourcesBuildPhase section */

/* Begin PBXTargetDependency section */
		30539186258B930E0015B761 /* PBXTargetDependency */ = {
			isa = PBXTargetDependency;
			target = 30539172258B930D0015B761 /* Photo */;
			targetProxy = 30539185258B930E0015B761 /* PBXContainerItemProxy */;
		};
		30539191258B930E0015B761 /* PBXTargetDependency */ = {
			isa = PBXTargetDependency;
			target = 30539172258B930D0015B761 /* Photo */;
			targetProxy = 30539190258B930E0015B761 /* PBXContainerItemProxy */;
		};
/* End PBXTargetDependency section */

/* Begin XCBuildConfiguration section */
		30539196258B930E0015B761 /* Debug */ = {
			isa = XCBuildConfiguration;
			buildSettings = {
				ALWAYS_SEARCH_USER_PATHS = NO;
				CLANG_ANALYZER_NONNULL = YES;
				CLANG_ANALYZER_NUMBER_OBJECT_CONVERSION = YES_AGGRESSIVE;
				CLANG_CXX_LANGUAGE_STANDARD = "gnu++14";
				CLANG_CXX_LIBRARY = "libc++";
				CLANG_ENABLE_MODULES = YES;
				CLANG_ENABLE_OBJC_ARC = YES;
				CLANG_ENABLE_OBJC_WEAK = YES;
				CLANG_WARN_BLOCK_CAPTURE_AUTORELEASING = YES;
				CLANG_WARN_BOOL_CONVERSION = YES;
				CLANG_WARN_COMMA = YES;
				CLANG_WARN_CONSTANT_CONVERSION = YES;
				CLANG_WARN_DEPRECATED_OBJC_IMPLEMENTATIONS = YES;
				CLANG_WARN_DIRECT_OBJC_ISA_USAGE = YES_ERROR;
				CLANG_WARN_DOCUMENTATION_COMMENTS = YES;
				CLANG_WARN_EMPTY_BODY = YES;
				CLANG_WARN_ENUM_CONVERSION = YES;
				CLANG_WARN_INFINITE_RECURSION = YES;
				CLANG_WARN_INT_CONVERSION = YES;
				CLANG_WARN_NON_LITERAL_NULL_CONVERSION = YES;
				CLANG_WARN_OBJC_IMPLICIT_RETAIN_SELF = YES;
				CLANG_WARN_OBJC_LITERAL_CONVERSION = YES;
				CLANG_WARN_OBJC_ROOT_CLASS = YES_ERROR;
				CLANG_WARN_QUOTED_INCLUDE_IN_FRAMEWORK_HEADER = YES;
				CLANG_WARN_RANGE_LOOP_ANALYSIS = YES;
				CLANG_WARN_STRICT_PROTOTYPES = YES;
				CLANG_WARN_SUSPICIOUS_MOVE = YES;
				CLANG_WARN_UNGUARDED_AVAILABILITY = YES_AGGRESSIVE;
				CLANG_WARN_UNREACHABLE_CODE = YES;
				CLANG_WARN__DUPLICATE_METHOD_MATCH = YES;
				COPY_PHASE_STRIP = NO;
				DEBUG_INFORMATION_FORMAT = dwarf;
				ENABLE_STRICT_OBJC_MSGSEND = YES;
				ENABLE_TESTABILITY = YES;
				GCC_C_LANGUAGE_STANDARD = gnu11;
				GCC_DYNAMIC_NO_PIC = NO;
				GCC_NO_COMMON_BLOCKS = YES;
				GCC_OPTIMIZATION_LEVEL = 0;
				GCC_PREPROCESSOR_DEFINITIONS = (
					"DEBUG=1",
					"$(inherited)",
				);
				GCC_WARN_64_TO_32_BIT_CONVERSION = YES;
				GCC_WARN_ABOUT_RETURN_TYPE = YES_ERROR;
				GCC_WARN_UNDECLARED_SELECTOR = YES;
				GCC_WARN_UNINITIALIZED_AUTOS = YES_AGGRESSIVE;
				GCC_WARN_UNUSED_FUNCTION = YES;
				GCC_WARN_UNUSED_VARIABLE = YES;
				IPHONEOS_DEPLOYMENT_TARGET = 14.1;
				MTL_ENABLE_DEBUG_INFO = INCLUDE_SOURCE;
				MTL_FAST_MATH = YES;
				ONLY_ACTIVE_ARCH = YES;
				SDKROOT = iphoneos;
				SWIFT_ACTIVE_COMPILATION_CONDITIONS = DEBUG;
				SWIFT_OPTIMIZATION_LEVEL = "-Onone";
			};
			name = Debug;
		};
		30539197258B930E0015B761 /* Release */ = {
			isa = XCBuildConfiguration;
			buildSettings = {
				ALWAYS_SEARCH_USER_PATHS = NO;
				CLANG_ANALYZER_NONNULL = YES;
				CLANG_ANALYZER_NUMBER_OBJECT_CONVERSION = YES_AGGRESSIVE;
				CLANG_CXX_LANGUAGE_STANDARD = "gnu++14";
				CLANG_CXX_LIBRARY = "libc++";
				CLANG_ENABLE_MODULES = YES;
				CLANG_ENABLE_OBJC_ARC = YES;
				CLANG_ENABLE_OBJC_WEAK = YES;
				CLANG_WARN_BLOCK_CAPTURE_AUTORELEASING = YES;
				CLANG_WARN_BOOL_CONVERSION = YES;
				CLANG_WARN_COMMA = YES;
				CLANG_WARN_CONSTANT_CONVERSION = YES;
				CLANG_WARN_DEPRECATED_OBJC_IMPLEMENTATIONS = YES;
				CLANG_WARN_DIRECT_OBJC_ISA_USAGE = YES_ERROR;
				CLANG_WARN_DOCUMENTATION_COMMENTS = YES;
				CLANG_WARN_EMPTY_BODY = YES;
				CLANG_WARN_ENUM_CONVERSION = YES;
				CLANG_WARN_INFINITE_RECURSION = YES;
				CLANG_WARN_INT_CONVERSION = YES;
				CLANG_WARN_NON_LITERAL_NULL_CONVERSION = YES;
				CLANG_WARN_OBJC_IMPLICIT_RETAIN_SELF = YES;
				CLANG_WARN_OBJC_LITERAL_CONVERSION = YES;
				CLANG_WARN_OBJC_ROOT_CLASS = YES_ERROR;
				CLANG_WARN_QUOTED_INCLUDE_IN_FRAMEWORK_HEADER = YES;
				CLANG_WARN_RANGE_LOOP_ANALYSIS = YES;
				CLANG_WARN_STRICT_PROTOTYPES = YES;
				CLANG_WARN_SUSPICIOUS_MOVE = YES;
				CLANG_WARN_UNGUARDED_AVAILABILITY = YES_AGGRESSIVE;
				CLANG_WARN_UNREACHABLE_CODE = YES;
				CLANG_WARN__DUPLICATE_METHOD_MATCH = YES;
				COPY_PHASE_STRIP = NO;
				DEBUG_INFORMATION_FORMAT = "dwarf-with-dsym";
				ENABLE_NS_ASSERTIONS = NO;
				ENABLE_STRICT_OBJC_MSGSEND = YES;
				GCC_C_LANGUAGE_STANDARD = gnu11;
				GCC_NO_COMMON_BLOCKS = YES;
				GCC_WARN_64_TO_32_BIT_CONVERSION = YES;
				GCC_WARN_ABOUT_RETURN_TYPE = YES_ERROR;
				GCC_WARN_UNDECLARED_SELECTOR = YES;
				GCC_WARN_UNINITIALIZED_AUTOS = YES_AGGRESSIVE;
				GCC_WARN_UNUSED_FUNCTION = YES;
				GCC_WARN_UNUSED_VARIABLE = YES;
				IPHONEOS_DEPLOYMENT_TARGET = 14.1;
				MTL_ENABLE_DEBUG_INFO = NO;
				MTL_FAST_MATH = YES;
				SDKROOT = iphoneos;
				SWIFT_COMPILATION_MODE = wholemodule;
				SWIFT_OPTIMIZATION_LEVEL = "-O";
				VALIDATE_PRODUCT = YES;
			};
			name = Release;
		};
		30539199258B930E0015B761 /* Debug */ = {
			isa = XCBuildConfiguration;
			buildSettings = {
				ASSETCATALOG_COMPILER_APPICON_NAME = AppIcon;
				ASSETCATALOG_COMPILER_GLOBAL_ACCENT_COLOR_NAME = AccentColor;
				CODE_SIGN_STYLE = Automatic;
				DEVELOPMENT_ASSET_PATHS = "\"Photo App/Preview Content\"";
				ENABLE_PREVIEWS = YES;
				INFOPLIST_FILE = "Photo App/Info.plist";
				IPHONEOS_DEPLOYMENT_TARGET = 14.0;
				LD_RUNPATH_SEARCH_PATHS = (
					"$(inherited)",
					"@executable_path/Frameworks",
				);
				PRODUCT_BUNDLE_IDENTIFIER = "com.woojunpark.Photo-App";
				PRODUCT_NAME = "$(TARGET_NAME)";
				SWIFT_VERSION = 5.0;
				TARGETED_DEVICE_FAMILY = "1,2";
			};
			name = Debug;
		};
		3053919A258B930E0015B761 /* Release */ = {
			isa = XCBuildConfiguration;
			buildSettings = {
				ASSETCATALOG_COMPILER_APPICON_NAME = AppIcon;
				ASSETCATALOG_COMPILER_GLOBAL_ACCENT_COLOR_NAME = AccentColor;
				CODE_SIGN_STYLE = Automatic;
				DEVELOPMENT_ASSET_PATHS = "\"Photo App/Preview Content\"";
				ENABLE_PREVIEWS = YES;
				INFOPLIST_FILE = "Photo App/Info.plist";
				IPHONEOS_DEPLOYMENT_TARGET = 14.0;
				LD_RUNPATH_SEARCH_PATHS = (
					"$(inherited)",
					"@executable_path/Frameworks",
				);
				PRODUCT_BUNDLE_IDENTIFIER = "com.woojunpark.Photo-App";
				PRODUCT_NAME = "$(TARGET_NAME)";
				SWIFT_VERSION = 5.0;
				TARGETED_DEVICE_FAMILY = "1,2";
			};
			name = Release;
		};
		3053919C258B930E0015B761 /* Debug */ = {
			isa = XCBuildConfiguration;
			buildSettings = {
				ALWAYS_EMBED_SWIFT_STANDARD_LIBRARIES = YES;
				BUNDLE_LOADER = "$(TEST_HOST)";
				CODE_SIGN_STYLE = Automatic;
				INFOPLIST_FILE = "Photo AppTests/Info.plist";
				IPHONEOS_DEPLOYMENT_TARGET = 14.0;
				LD_RUNPATH_SEARCH_PATHS = (
					"$(inherited)",
					"@executable_path/Frameworks",
					"@loader_path/Frameworks",
				);
				PRODUCT_BUNDLE_IDENTIFIER = "com.woojunpark.Photo-AppTests";
				PRODUCT_NAME = "$(TARGET_NAME)";
				SWIFT_VERSION = 5.0;
				TARGETED_DEVICE_FAMILY = "1,2";
				TEST_HOST = "$(BUILT_PRODUCTS_DIR)/Photo.app/Photo";
			};
			name = Debug;
		};
		3053919D258B930E0015B761 /* Release */ = {
			isa = XCBuildConfiguration;
			buildSettings = {
				ALWAYS_EMBED_SWIFT_STANDARD_LIBRARIES = YES;
				BUNDLE_LOADER = "$(TEST_HOST)";
				CODE_SIGN_STYLE = Automatic;
				INFOPLIST_FILE = "Photo AppTests/Info.plist";
				IPHONEOS_DEPLOYMENT_TARGET = 14.0;
				LD_RUNPATH_SEARCH_PATHS = (
					"$(inherited)",
					"@executable_path/Frameworks",
					"@loader_path/Frameworks",
				);
				PRODUCT_BUNDLE_IDENTIFIER = "com.woojunpark.Photo-AppTests";
				PRODUCT_NAME = "$(TARGET_NAME)";
				SWIFT_VERSION = 5.0;
				TARGETED_DEVICE_FAMILY = "1,2";
				TEST_HOST = "$(BUILT_PRODUCTS_DIR)/Photo.app/Photo";
			};
			name = Release;
		};
		3053919F258B930E0015B761 /* Debug */ = {
			isa = XCBuildConfiguration;
			buildSettings = {
				ALWAYS_EMBED_SWIFT_STANDARD_LIBRARIES = YES;
				CODE_SIGN_STYLE = Automatic;
				INFOPLIST_FILE = "Photo AppUITests/Info.plist";
				LD_RUNPATH_SEARCH_PATHS = (
					"$(inherited)",
					"@executable_path/Frameworks",
					"@loader_path/Frameworks",
				);
				PRODUCT_BUNDLE_IDENTIFIER = "com.woojunpark.Photo-AppUITests";
				PRODUCT_NAME = "$(TARGET_NAME)";
				SWIFT_VERSION = 5.0;
				TARGETED_DEVICE_FAMILY = "1,2";
				TEST_TARGET_NAME = "Photo App";
			};
			name = Debug;
		};
		305391A0258B930E0015B761 /* Release */ = {
			isa = XCBuildConfiguration;
			buildSettings = {
				ALWAYS_EMBED_SWIFT_STANDARD_LIBRARIES = YES;
				CODE_SIGN_STYLE = Automatic;
				INFOPLIST_FILE = "Photo AppUITests/Info.plist";
				LD_RUNPATH_SEARCH_PATHS = (
					"$(inherited)",
					"@executable_path/Frameworks",
					"@loader_path/Frameworks",
				);
				PRODUCT_BUNDLE_IDENTIFIER = "com.woojunpark.Photo-AppUITests";
				PRODUCT_NAME = "$(TARGET_NAME)";
				SWIFT_VERSION = 5.0;
				TARGETED_DEVICE_FAMILY = "1,2";
				TEST_TARGET_NAME = "Photo App";
			};
			name = Release;
		};
/* End XCBuildConfiguration section */

/* Begin XCConfigurationList section */
		3053916E258B930D0015B761 /* Build configuration list for PBXProject "Photo" */ = {
			isa = XCConfigurationList;
			buildConfigurations = (
				30539196258B930E0015B761 /* Debug */,
				30539197258B930E0015B761 /* Release */,
			);
			defaultConfigurationIsVisible = 0;
			defaultConfigurationName = Release;
		};
		30539198258B930E0015B761 /* Build configuration list for PBXNativeTarget "Photo" */ = {
			isa = XCConfigurationList;
			buildConfigurations = (
				30539199258B930E0015B761 /* Debug */,
				3053919A258B930E0015B761 /* Release */,
			);
			defaultConfigurationIsVisible = 0;
			defaultConfigurationName = Release;
		};
		3053919B258B930E0015B761 /* Build configuration list for PBXNativeTarget "PhotoTests" */ = {
			isa = XCConfigurationList;
			buildConfigurations = (
				3053919C258B930E0015B761 /* Debug */,
				3053919D258B930E0015B761 /* Release */,
			);
			defaultConfigurationIsVisible = 0;
			defaultConfigurationName = Release;
		};
		3053919E258B930E0015B761 /* Build configuration list for PBXNativeTarget "PhotoUITests" */ = {
			isa = XCConfigurationList;
			buildConfigurations = (
				3053919F258B930E0015B761 /* Debug */,
				305391A0258B930E0015B761 /* Release */,
			);
			defaultConfigurationIsVisible = 0;
			defaultConfigurationName = Release;
		};
/* End XCConfigurationList section */
	};
	rootObject = 3053916B258B930D0015B761 /* Project object */;
}
